Microsoft Visual Studio Solution File, Format Version 11.00
# Visual Studio 2010
Project("{E24C65DC-7377-472B-9ABA-BC803B73C61A}") = "C:\1\Site\", "Site", "{CD8447C1-DFED-4735-8A72-6D9756843B82}"
	ProjectSection(WebsiteProperties) = preProject
		ProjectReferences = ""
		Debug.AspNetCompiler.VirtualPath = "/Site"
		Debug.AspNetCompiler.PhysicalPath = "Site\"
		Debug.AspNetCompiler.TargetPath = "PrecompiledWeb\Site\"
		Debug.AspNetCompiler.Updateable = "true"
		Debug.AspNetCompiler.ForceOverwrite = "true"
		Debug.AspNetCompiler.FixedNames = "false"
		Debug.AspNetCompiler.Debug = "True"
		Release.AspNetCompiler.VirtualPath = "/Site"
		Release.AspNetCompiler.PhysicalPath = "Site\"
		Release.AspNetCompiler.TargetPath = "PrecompiledWeb\Site\"
		Release.AspNetCompiler.Updateable = "true"
		Release.AspNetCompiler.ForceOverwrite = "true"
		Release.AspNetCompiler.FixedNames = "false"
		Release.AspNetCompiler.Debug = "False"
		VWDPort = "50368"
	TargetFrameworkMoniker = ".NETFramework,Version%3Dv4.0"
EndProjectSection
EndProject
Global
	GlobalSection(SolutionConfigurationPlatforms) = preSolution
		Debug|.NET = Debug|.NET
		Debug|Any CPU = Debug|Any CPU
		Debug|Mixed Platforms = Debug|Mixed Platforms
		DebugTest|.NET = DebugTest|.NET
		DebugTest|Any CPU = DebugTest|Any CPU
		DebugTest|Mixed Platforms = DebugTest|Mixed Platforms
		DebugTestWithGAC|.NET = DebugTestWithGAC|.NET
		DebugTestWithGAC|Any CPU = DebugTestWithGAC|Any CPU
		DebugTestWithGAC|Mixed Platforms = DebugTestWithGAC|Mixed Platforms
		DebugWithGAC|.NET = DebugWithGAC|.NET
		DebugWithGAC|Any CPU = DebugWithGAC|Any CPU
		DebugWithGAC|Mixed Platforms = DebugWithGAC|Mixed Platforms
		Release|.NET = Release|.NET
		Release|Any CPU = Release|Any CPU
		Release|Mixed Platforms = Release|Mixed Platforms
	EndGlobalSection
	GlobalSection(ProjectConfigurationPlatforms) = postSolution
		{CD8447C1-DFED-4735-8A72-6D9756843B82}.Debug|.NET.ActiveCfg = Debug|.NET
		{CD8447C1-DFED-4735-8A72-6D9756843B82}.Debug|.NET.Build.0 = Debug|.NET
		{CD8447C1-DFED-4735-8A72-6D9756843B82}.Debug|Any CPU.ActiveCfg = Debug|.NET
		{CD8447C1-DFED-4735-8A72-6D9756843B82}.Debug|Mixed Platforms.ActiveCfg = Debug|.NET
		{CD8447C1-DFED-4735-8A72-6D9756843B82}.Debug|Mixed Platforms.Build.0 = Debug|.NET
		{CD8447C1-DFED-4735-8A72-6D9756843B82}.DebugTest|.NET.ActiveCfg = Debug|.NET
		{CD8447C1-DFED-4735-8A72-6D9756843B82}.DebugTest|.NET.Build.0 = Debug|.NET
		{CD8447C1-DFED-4735-8A72-6D9756843B82}.DebugTest|Any CPU.ActiveCfg = Debug|.NET
		{CD8447C1-DFED-4735-8A72-6D9756843B82}.DebugTest|Mixed Platforms.ActiveCfg = Debug|.NET
		{CD8447C1-DFED-4735-8A72-6D9756843B82}.DebugTest|Mixed Platforms.Build.0 = Debug|.NET
		{CD8447C1-DFED-4735-8A72-6D9756843B82}.DebugTestWithGAC|.NET.ActiveCfg = Debug|.NET
		{CD8447C1-DFED-4735-8A72-6D9756843B82}.DebugTestWithGAC|.NET.Build.0 = Debug|.NET
		{CD8447C1-DFED-4735-8A72-6D9756843B82}.DebugTestWithGAC|Any CPU.ActiveCfg = Debug|.NET
		{CD8447C1-DFED-4735-8A72-6D9756843B82}.DebugTestWithGAC|Mixed Platforms.ActiveCfg = Debug|.NET
		{CD8447C1-DFED-4735-8A72-6D9756843B82}.DebugTestWithGAC|Mixed Platforms.Build.0 = Debug|.NET
		{CD8447C1-DFED-4735-8A72-6D9756843B82}.DebugWithGAC|.NET.ActiveCfg = Debug|.NET
		{CD8447C1-DFED-4735-8A72-6D9756843B82}.DebugWithGAC|.NET.Build.0 = Debug|.NET
		{CD8447C1-DFED-4735-8A72-6D9756843B82}.DebugWithGAC|Any CPU.ActiveCfg = Debug|.NET
		{CD8447C1-DFED-4735-8A72-6D9756843B82}.DebugWithGAC|Mixed Platforms.ActiveCfg = Debug|.NET
		{CD8447C1-DFED-4735-8A72-6D9756843B82}.DebugWithGAC|Mixed Platforms.Build.0 = Debug|.NET
		{CD8447C1-DFED-4735-8A72-6D9756843B82}.Release|.NET.ActiveCfg = Debug|.NET
		{CD8447C1-DFED-4735-8A72-6D9756843B82}.Release|.NET.Build.0 = Debug|.NET
		{CD8447C1-DFED-4735-8A72-6D9756843B82}.Release|Any CPU.ActiveCfg = Debug|.NET
		{CD8447C1-DFED-4735-8A72-6D9756843B82}.Release|Mixed Platforms.ActiveCfg = Debug|.NET
		{CD8447C1-DFED-4735-8A72-6D9756843B82}.Release|Mixed Platforms.Build.0 = Debug|.NET
	EndGlobalSection
	GlobalSection(SolutionProperties) = preSolution
		HideSolutionNode = FALSE
	EndGlobalSection
EndGlobal
